<?xml version="1.0" encoding="utf-8"?>
<Project ToolsVersion="4.0" xmlns="http://schemas.microsoft.com/developer/msbuild/2003">
  <ItemGroup>
    <Filter Include="Source Files">
      <UniqueIdentifier>{4FC737F1-C7A5-4376-A066-2A32D752A2FF}</UniqueIdentifier>
      <Extensions>cpp;c;cc;cxx;def;odl;idl;hpj;bat;asm;asmx</Extensions>
    </Filter>
    <Filter Include="Header Files">
      <UniqueIdentifier>{93995380-89BD-4b04-88EB-625FBE52EBFB}</UniqueIdentifier>
      <Extensions>h;hh;hpp;hxx;hm;inl;inc;xsd</Extensions>
    </Filter>
    <Filter Include="Resource Files">
      <UniqueIdentifier>{67DA6AB6-F800-4c08-8B7A-83BB121AAD01}</UniqueIdentifier>
      <Extensions>rc;ico;cur;bmp;dlg;rc2;rct;bin;rgs;gif;jpg;jpeg;jpe;resx;tiff;tif;png;wav;mfcribbon-ms</Extensions>
    </Filter>
  </ItemGroup>
  <ItemGroup>
    <ClCompile Include="Main.cpp">
      <Filter>Source Files</Filter>
    </ClCompile>
    <ClCompile Include="INVERT.cpp">
      <Filter>Source Files</Filter>
    </ClCompile>
    <ClCompile Include="gate.cpp">
      <Filter>Source Files</Filter>
    </ClCompile>
    <ClCompile Include="INPUT.cpp">
      <Filter>Source Files</Filter>
    </ClCompile>
    <ClCompile Include="partition.cpp">
      <Filter>Source Files</Filter>
    </ClCompile>
    <ClCompile Include="timingWheel.cpp">
      <Filter>Source Files</Filter>
    </ClCompile>
    <ClCompile Include="BUFFER.cpp">
      <Filter>Source Files</Filter>
    </ClCompile>
    <ClCompile Include="InputReader.cpp">
      <Filter>Source Files</Filter>
    </ClCompile>
  </ItemGroup>
  <ItemGroup>
    <ClInclude Include="AND2.h">
      <Filter>Header Files</Filter>
    </ClInclude>
    <ClInclude Include="gate.h">
      <Filter>Header Files</Filter>
    </ClInclude>
    <ClInclude Include="INVERT.h">
      <Filter>Header Files</Filter>
    </ClInclude>
    <ClInclude Include="AND3.h">
      <Filter>Header Files</Filter>
    </ClInclude>
    <ClInclude Include="AND4.h">
      <Filter>Header Files</Filter>
    </ClInclude>
    <ClInclude Include="INPUT.h">
      <Filter>Header Files</Filter>
    </ClInclude>
    <ClInclude Include="AND.h">
      <Filter>Header Files</Filter>
    </ClInclude>
    <ClInclude Include="OR.h">
      <Filter>Header Files</Filter>
    </ClInclude>
    <ClInclude Include="OR2.h">
      <Filter>Header Files</Filter>
    </ClInclude>
    <ClInclude Include="OR3.h">
      <Filter>Header Files</Filter>
    </ClInclude>
    <ClInclude Include="OR4.h">
      <Filter>Header Files</Filter>
    </ClInclude>
    <ClInclude Include="partition.h">
      <Filter>Header Files</Filter>
    </ClInclude>
    <ClInclude Include="timingWheel.h">
      <Filter>Header Files</Filter>
    </ClInclude>
    <ClInclude Include="NOR.h">
      <Filter>Header Files</Filter>
    </ClInclude>
    <ClInclude Include="NOR2.h">
      <Filter>Header Files</Filter>
    </ClInclude>
    <ClInclude Include="NOR3.h">
      <Filter>Header Files</Filter>
    </ClInclude>
    <ClInclude Include="NOR4.h">
      <Filter>Header Files</Filter>
    </ClInclude>
    <ClInclude Include="XOR.h">
      <Filter>Header Files</Filter>
    </ClInclude>
    <ClInclude Include="XOR2.h">
      <Filter>Header Files</Filter>
    </ClInclude>
    <ClInclude Include="XOR4.h">
      <Filter>Header Files</Filter>
    </ClInclude>
    <ClInclude Include="XOR3.h">
      <Filter>Header Files</Filter>
    </ClInclude>
    <ClInclude Include="InputReader.h">
      <Filter>Header Files</Filter>
    </ClInclude>
    <ClInclude Include="NAND.h">
      <Filter>Header Files</Filter>
    </ClInclude>
    <ClInclude Include="NAND2.h">
      <Filter>Header Files</Filter>
    </ClInclude>
    <ClInclude Include="NAND3.h">
      <Filter>Header Files</Filter>
    </ClInclude>
    <ClInclude Include="NAND4.h">
      <Filter>Header Files</Filter>
    </ClInclude>
    <ClInclude Include="BUFFER.h">
      <Filter>Header Files</Filter>
    </ClInclude>
  </ItemGroup>
  <ItemGroup>
    <Text Include="input.txt">
      <Filter>Resource Files</Filter>
    </Text>
    <Text Include="data.txt">
      <Filter>Resource Files</Filter>
    </Text>
    <Text Include="2input.txt">
      <Filter>Resource Files</Filter>
    </Text>
    <Text Include="2inputdata.txt">
      <Filter>Resource Files</Filter>
    </Text>
  </ItemGroup>
</Project>